<?xml version="1.0" encoding="utf-8"?>
<Project ToolsVersion="4.0" xmlns="http://schemas.microsoft.com/developer/msbuild/2003">
  <ItemGroup>
    <ClCompile Include="main.c" />
  </ItemGroup>
  <ItemGroup>
    <ClInclude Include="rc.h" />
    <ClInclude Include="rc_test.h" />
    <ClInclude Include="rt.h">
      <Filter>rt</Filter>
    </ClInclude>
    <ClInclude Include="rt_generics.h">
      <Filter>rt</Filter>
    </ClInclude>
    <ClInclude Include="unstd.h">
      <Filter>rt</Filter>
    </ClInclude>
  </ItemGroup>
  <ItemGroup>
    <None Include="LICENSE">
      <Filter>misc</Filter>
    </None>
    <None Include="README.md">
      <Filter>misc</Filter>
    </None>
    <None Include="STYLE.md">
      <Filter>misc</Filter>
    </None>
  </ItemGroup>
  <ItemGroup>
    <Filter Include="misc">
      <UniqueIdentifier>{52d4371b-2cae-404d-a2cd-4c5dc22f7d1c}</UniqueIdentifier>
    </Filter>
    <Filter Include="rt">
      <UniqueIdentifier>{4424cdcd-d9ca-4d1f-9c55-d43e314eb345}</UniqueIdentifier>
    </Filter>
  </ItemGroup>
</Project>